// !$*UTF8*$!
{
	archiveVersion = 1;
	classes = {
	};
	objectVersion = 77;
	objects = {

/* Begin PBXContainerItemProxy section */
		72804B302CAB031500E554A9 /* PBXContainerItemProxy */ = {
			isa = PBXContainerItemProxy;
			containerPortal = 72804B172CAB031400E554A9 /* Project object */;
			proxyType = 1;
			remoteGlobalIDString = 72804B1E2CAB031400E554A9;
			remoteInfo = iOSAdmissionsXavier;
		};
		72804B3A2CAB031500E554A9 /* PBXContainerItemProxy */ = {
			isa = PBXContainerItemProxy;
			containerPortal = 72804B172CAB031400E554A9 /* Project object */;
			proxyType = 1;
			remoteGlobalIDString = 72804B1E2CAB031400E554A9;
			remoteInfo = iOSAdmissionsXavier;
		};
/* End PBXContainerItemProxy section */

/* Begin PBXFileReference section */
		72804B1F2CAB031400E554A9 /* iOSAdmissionsXavier.app */ = {isa = PBXFileReference; explicitFileType = wrapper.application; includeInIndex = 0; path = iOSAdmissionsXavier.app; sourceTree = BUILT_PRODUCTS_DIR; };
		72804B2F2CAB031500E554A9 /* iOSAdmissionsXavierTests.xctest */ = {isa = PBXFileReference; explicitFileType = wrapper.cfbundle; includeInIndex = 0; path = iOSAdmissionsXavierTests.xctest; sourceTree = BUILT_PRODUCTS_DIR; };
		72804B392CAB031500E554A9 /* iOSAdmissionsXavierUITests.xctest */ = {isa = PBXFileReference; explicitFileType = wrapper.cfbundle; includeInIndex = 0; path = iOSAdmissionsXavierUITests.xctest; sourceTree = BUILT_PRODUCTS_DIR; };
/* End PBXFileReference section */

/* Begin PBXFileSystemSynchronizedRootGroup section */
		72804B212CAB031400E554A9 /* iOSAdmissionsXavier */ = {
			isa = PBXFileSystemSynchronizedRootGroup;
			path = iOSAdmissionsXavier;
			sourceTree = "<group>";
		};
		72804B322CAB031500E554A9 /* iOSAdmissionsXavierTests */ = {
			isa = PBXFileSystemSynchronizedRootGroup;
			path = iOSAdmissionsXavierTests;
			sourceTree = "<group>";
		};
		72804B3C2CAB031500E554A9 /* iOSAdmissionsXavierUITests */ = {
			isa = PBXFileSystemSynchronizedRootGroup;
			path = iOSAdmissionsXavierUITests;
			sourceTree = "<group>";
		};
/* End PBXFileSystemSynchronizedRootGroup section */

/* Begin PBXFrameworksBuildPhase section */
		72804B1C2CAB031400E554A9 /* Frameworks */ = {
			isa = PBXFrameworksBuildPhase;
			buildActionMask = 2147483647;
			files = (
			);
			runOnlyForDeploymentPostprocessing = 0;
		};
		72804B2C2CAB031500E554A9 /* Frameworks */ = {
			isa = PBXFrameworksBuildPhase;
			buildActionMask = 2147483647;
			files = (
			);
			runOnlyForDeploymentPostprocessing = 0;
		};
		72804B362CAB031500E554A9 /* Frameworks */ = {
			isa = PBXFrameworksBuildPhase;
			buildActionMask = 2147483647;
			files = (
			);
			runOnlyForDeploymentPostprocessing = 0;
		};
/* End PBXFrameworksBuildPhase section */

/* Begin PBXGroup section */
		72804B162CAB031400E554A9 = {
			isa = PBXGroup;
			children = (
				72804B212CAB031400E554A9 /* iOSAdmissionsXavier */,
				72804B322CAB031500E554A9 /* iOSAdmissionsXavierTests */,
				72804B3C2CAB031500E554A9 /* iOSAdmissionsXavierUITests */,
				72804B202CAB031400E554A9 /* Products */,
			);
			sourceTree = "<group>";
		};
		72804B202CAB031400E554A9 /* Products */ = {
			isa = PBXGroup;
			children = (
				72804B1F2CAB031400E554A9 /* iOSAdmissionsXavier.app */,
				72804B2F2CAB031500E554A9 /* iOSAdmissionsXavierTests.xctest */,
				72804B392CAB031500E554A9 /* iOSAdmissionsXavierUITests.xctest */,
			);
			name = Products;
			sourceTree = "<group>";
		};
/* End PBXGroup section */

/* Begin PBXNativeTarget section */
		72804B1E2CAB031400E554A9 /* iOSAdmissionsXavier */ = {
			isa = PBXNativeTarget;
			buildConfigurationList = 72804B432CAB031500E554A9 /* Build configuration list for PBXNativeTarget "iOSAdmissionsXavier" */;
			buildPhases = (
				72804B1B2CAB031400E554A9 /* Sources */,
				72804B1C2CAB031400E554A9 /* Frameworks */,
				72804B1D2CAB031400E554A9 /* Resources */,
			);
			buildRules = (
			);
			dependencies = (
			);
			fileSystemSynchronizedGroups = (
				72804B212CAB031400E554A9 /* iOSAdmissionsXavier */,
			);
			name = iOSAdmissionsXavier;
			packageProductDependencies = (
			);
			productName = iOSAdmissionsXavier;
			productReference = 72804B1F2CAB031400E554A9 /* iOSAdmissionsXavier.app */;
			productType = "com.apple.product-type.application";
		};
		72804B2E2CAB031500E554A9 /* iOSAdmissionsXavierTests */ = {
			isa = PBXNativeTarget;
			buildConfigurationList = 72804B462CAB031500E554A9 /* Build configuration list for PBXNativeTarget "iOSAdmissionsXavierTests" */;
			buildPhases = (
				72804B2B2CAB031500E554A9 /* Sources */,
				72804B2C2CAB031500E554A9 /* Frameworks */,
				72804B2D2CAB031500E554A9 /* Resources */,
			);
			buildRules = (
			);
			dependencies = (
				72804B312CAB031500E554A9 /* PBXTargetDependency */,
			);
			fileSystemSynchronizedGroups = (
				72804B322CAB031500E554A9 /* iOSAdmissionsXavierTests */,
			);
			name = iOSAdmissionsXavierTests;
			packageProductDependencies = (
			);
			productName = iOSAdmissionsXavierTests;
			productReference = 72804B2F2CAB031500E554A9 /* iOSAdmissionsXavierTests.xctest */;
			productType = "com.apple.product-type.bundle.unit-test";
		};
		72804B382CAB031500E554A9 /* iOSAdmissionsXavierUITests */ = {
			isa = PBXNativeTarget;
			buildConfigurationList = 72804B492CAB031500E554A9 /* Build configuration list for PBXNativeTarget "iOSAdmissionsXavierUITests" */;
			buildPhases = (
				72804B352CAB031500E554A9 /* Sources */,
				72804B362CAB031500E554A9 /* Frameworks */,
				72804B372CAB031500E554A9 /* Resources */,
			);
			buildRules = (
			);
			dependencies = (
				72804B3B2CAB031500E554A9 /* PBXTargetDependency */,
			);
			fileSystemSynchronizedGroups = (
				72804B3C2CAB031500E554A9 /* iOSAdmissionsXavierUITests */,
			);
			name = iOSAdmissionsXavierUITests;
			packageProductDependencies = (
			);
			productName = iOSAdmissionsXavierUITests;
			productReference = 72804B392CAB031500E554A9 /* iOSAdmissionsXavierUITests.xctest */;
			productType = "com.apple.product-type.bundle.ui-testing";
		};
/* End PBXNativeTarget section */

/* Begin PBXProject section */
		72804B172CAB031400E554A9 /* Project object */ = {
			isa = PBXProject;
			attributes = {
				BuildIndependentTargetsInParallel = 1;
				LastSwiftUpdateCheck = 1600;
				LastUpgradeCheck = 1600;
				TargetAttributes = {
					72804B1E2CAB031400E554A9 = {
						CreatedOnToolsVersion = 16.0;
					};
					72804B2E2CAB031500E554A9 = {
						CreatedOnToolsVersion = 16.0;
						TestTargetID = 72804B1E2CAB031400E554A9;
					};
					72804B382CAB031500E554A9 = {
						CreatedOnToolsVersion = 16.0;
						TestTargetID = 72804B1E2CAB031400E554A9;
					};
				};
			};
			buildConfigurationList = 72804B1A2CAB031400E554A9 /* Build configuration list for PBXProject "iOSAdmissionsXavier" */;
			developmentRegion = en;
			hasScannedForEncodings = 0;
			knownRegions = (
				en,
				Base,
			);
			mainGroup = 72804B162CAB031400E554A9;
			minimizedProjectReferenceProxies = 1;
			preferredProjectObjectVersion = 77;
			productRefGroup = 72804B202CAB031400E554A9 /* Products */;
			projectDirPath = "";
			projectRoot = "";
			targets = (
				72804B1E2CAB031400E554A9 /* iOSAdmissionsXavier */,
				72804B2E2CAB031500E554A9 /* iOSAdmissionsXavierTests */,
				72804B382CAB031500E554A9 /* iOSAdmissionsXavierUITests */,
			);
		};
/* End PBXProject section */

/* Begin PBXResourcesBuildPhase section */
		72804B1D2CAB031400E554A9 /* Resources */ = {
			isa = PBXResourcesBuildPhase;
			buildActionMask = 2147483647;
			files = (
			);
			runOnlyForDeploymentPostprocessing = 0;
		};
		72804B2D2CAB031500E554A9 /* Resources */ = {
			isa = PBXResourcesBuildPhase;
			buildActionMask = 2147483647;
			files = (
			);
			runOnlyForDeploymentPostprocessing = 0;
		};
		72804B372CAB031500E554A9 /* Resources */ = {
			isa = PBXResourcesBuildPhase;
			buildActionMask = 2147483647;
			files = (
			);
			runOnlyForDeploymentPostprocessing = 0;
		};
/* End PBXResourcesBuildPhase section */

/* Begin PBXSourcesBuildPhase section */
		72804B1B2CAB031400E554A9 /* Sources */ = {
			isa = PBXSourcesBuildPhase;
			buildActionMask = 2147483647;
			files = (
			);
			runOnlyForDeploymentPostprocessing = 0;
		};
		72804B2B2CAB031500E554A9 /* Sources */ = {
			isa = PBXSourcesBuildPhase;
			buildActionMask = 2147483647;
			files = (
			);
			runOnlyForDeploymentPostprocessing = 0;
		};
		72804B352CAB031500E554A9 /* Sources */ = {
			isa = PBXSourcesBuildPhase;
			buildActionMask = 2147483647;
			files = (
			);
			runOnlyForDeploymentPostprocessing = 0;
		};
/* End PBXSourcesBuildPhase section */

/* Begin PBXTargetDependency section */
		72804B312CAB031500E554A9 /* PBXTargetDependency */ = {
			isa = PBXTargetDependency;
			target = 72804B1E2CAB031400E554A9 /* iOSAdmissionsXavier */;
			targetProxy = 72804B302CAB031500E554A9 /* PBXContainerItemProxy */;
		};
		72804B3B2CAB031500E554A9 /* PBXTargetDependency */ = {
			isa = PBXTargetDependency;
			target = 72804B1E2CAB031400E554A9 /* iOSAdmissionsXavier */;
			targetProxy = 72804B3A2CAB031500E554A9 /* PBXContainerItemProxy */;
		};
/* End PBXTargetDependency section */

/* Begin XCBuildConfiguration section */
		72804B412CAB031500E554A9 /* Debug */ = {
			isa = XCBuildConfiguration;
			buildSettings = {
				ALWAYS_SEARCH_USER_PATHS = NO;
				ASSETCATALOG_COMPILER_GENERATE_SWIFT_ASSET_SYMBOL_EXTENSIONS = YES;
				CLANG_ANALYZER_NONNULL = YES;
				CLANG_ANALYZER_NUMBER_OBJECT_CONVERSION = YES_AGGRESSIVE;
				CLANG_CXX_LANGUAGE_STANDARD = "gnu++20";
				CLANG_ENABLE_MODULES = YES;
				CLANG_ENABLE_OBJC_ARC = YES;
				CLANG_ENABLE_OBJC_WEAK = YES;
				CLANG_WARN_BLOCK_CAPTURE_AUTORELEASING = YES;
				CLANG_WARN_BOOL_CONVERSION = YES;
				CLANG_WARN_COMMA = YES;
				CLANG_WARN_CONSTANT_CONVERSION = YES;
				CLANG_WARN_DEPRECATED_OBJC_IMPLEMENTATIONS = YES;
				CLANG_WARN_DIRECT_OBJC_ISA_USAGE = YES_ERROR;
				CLANG_WARN_DOCUMENTATION_COMMENTS = YES;
				CLANG_WARN_EMPTY_BODY = YES;
				CLANG_WARN_ENUM_CONVERSION = YES;
				CLANG_WARN_INFINITE_RECURSION = YES;
				CLANG_WARN_INT_CONVERSION = YES;
				CLANG_WARN_NON_LITERAL_NULL_CONVERSION = YES;
				CLANG_WARN_OBJC_IMPLICIT_RETAIN_SELF = YES;
				CLANG_WARN_OBJC_LITERAL_CONVERSION = YES;
				CLANG_WARN_OBJC_ROOT_CLASS = YES_ERROR;
				CLANG_WARN_QUOTED_INCLUDE_IN_FRAMEWORK_HEADER = YES;
				CLANG_WARN_RANGE_LOOP_ANALYSIS = YES;
				CLANG_WARN_STRICT_PROTOTYPES = YES;
				CLANG_WARN_SUSPICIOUS_MOVE = YES;
				CLANG_WARN_UNGUARDED_AVAILABILITY = YES_AGGRESSIVE;
				CLANG_WARN_UNREACHABLE_CODE = YES;
				CLANG_WARN__DUPLICATE_METHOD_MATCH = YES;
				COPY_PHASE_STRIP = NO;
				DEBUG_INFORMATION_FORMAT = dwarf;
				ENABLE_STRICT_OBJC_MSGSEND = YES;
				ENABLE_TESTABILITY = YES;
				ENABLE_USER_SCRIPT_SANDBOXING = YES;
				GCC_C_LANGUAGE_STANDARD = gnu17;
				GCC_DYNAMIC_NO_PIC = NO;
				GCC_NO_COMMON_BLOCKS = YES;
				GCC_OPTIMIZATION_LEVEL = 0;
				GCC_PREPROCESSOR_DEFINITIONS = (
					"DEBUG=1",
					"$(inherited)",
				);
				GCC_WARN_64_TO_32_BIT_CONVERSION = YES;
				GCC_WARN_ABOUT_RETURN_TYPE = YES_ERROR;
				GCC_WARN_UNDECLARED_SELECTOR = YES;
				GCC_WARN_UNINITIALIZED_AUTOS = YES_AGGRESSIVE;
				GCC_WARN_UNUSED_FUNCTION = YES;
				GCC_WARN_UNUSED_VARIABLE = YES;
				IPHONEOS_DEPLOYMENT_TARGET = 18.0;
				LOCALIZATION_PREFERS_STRING_CATALOGS = YES;
				MTL_ENABLE_DEBUG_INFO = INCLUDE_SOURCE;
				MTL_FAST_MATH = YES;
				ONLY_ACTIVE_ARCH = YES;
				SDKROOT = iphoneos;
				SWIFT_ACTIVE_COMPILATION_CONDITIONS = "DEBUG $(inherited)";
				SWIFT_OPTIMIZATION_LEVEL = "-Onone";
			};
			name = Debug;
		};
		72804B422CAB031500E554A9 /* Release */ = {
			isa = XCBuildConfiguration;
			buildSettings = {
				ALWAYS_SEARCH_USER_PATHS = NO;
				ASSETCATALOG_COMPILER_GENERATE_SWIFT_ASSET_SYMBOL_EXTENSIONS = YES;
				CLANG_ANALYZER_NONNULL = YES;
				CLANG_ANALYZER_NUMBER_OBJECT_CONVERSION = YES_AGGRESSIVE;
				CLANG_CXX_LANGUAGE_STANDARD = "gnu++20";
				CLANG_ENABLE_MODULES = YES;
				CLANG_ENABLE_OBJC_ARC = YES;
				CLANG_ENABLE_OBJC_WEAK = YES;
				CLANG_WARN_BLOCK_CAPTURE_AUTORELEASING = YES;
				CLANG_WARN_BOOL_CONVERSION = YES;
				CLANG_WARN_COMMA = YES;
				CLANG_WARN_CONSTANT_CONVERSION = YES;
				CLANG_WARN_DEPRECATED_OBJC_IMPLEMENTATIONS = YES;
				CLANG_WARN_DIRECT_OBJC_ISA_USAGE = YES_ERROR;
				CLANG_WARN_DOCUMENTATION_COMMENTS = YES;
				CLANG_WARN_EMPTY_BODY = YES;
				CLANG_WARN_ENUM_CONVERSION = YES;
				CLANG_WARN_INFINITE_RECURSION = YES;
				CLANG_WARN_INT_CONVERSION = YES;
				CLANG_WARN_NON_LITERAL_NULL_CONVERSION = YES;
				CLANG_WARN_OBJC_IMPLICIT_RETAIN_SELF = YES;
				CLANG_WARN_OBJC_LITERAL_CONVERSION = YES;
				CLANG_WARN_OBJC_ROOT_CLASS = YES_ERROR;
				CLANG_WARN_QUOTED_INCLUDE_IN_FRAMEWORK_HEADER = YES;
				CLANG_WARN_RANGE_LOOP_ANALYSIS = YES;
				CLANG_WARN_STRICT_PROTOTYPES = YES;
				CLANG_WARN_SUSPICIOUS_MOVE = YES;
				CLANG_WARN_UNGUARDED_AVAILABILITY = YES_AGGRESSIVE;
				CLANG_WARN_UNREACHABLE_CODE = YES;
				CLANG_WARN__DUPLICATE_METHOD_MATCH = YES;
				COPY_PHASE_STRIP = NO;
				DEBUG_INFORMATION_FORMAT = "dwarf-with-dsym";
				ENABLE_NS_ASSERTIONS = NO;
				ENABLE_STRICT_OBJC_MSGSEND = YES;
				ENABLE_USER_SCRIPT_SANDBOXING = YES;
				GCC_C_LANGUAGE_STANDARD = gnu17;
				GCC_NO_COMMON_BLOCKS = YES;
				GCC_WARN_64_TO_32_BIT_CONVERSION = YES;
				GCC_WARN_ABOUT_RETURN_TYPE = YES_ERROR;
				GCC_WARN_UNDECLARED_SELECTOR = YES;
				GCC_WARN_UNINITIALIZED_AUTOS = YES_AGGRESSIVE;
				GCC_WARN_UNUSED_FUNCTION = YES;
				GCC_WARN_UNUSED_VARIABLE = YES;
				IPHONEOS_DEPLOYMENT_TARGET = 18.0;
				LOCALIZATION_PREFERS_STRING_CATALOGS = YES;
				MTL_ENABLE_DEBUG_INFO = NO;
				MTL_FAST_MATH = YES;
				SDKROOT = iphoneos;
				SWIFT_COMPILATION_MODE = wholemodule;
				VALIDATE_PRODUCT = YES;
			};
			name = Release;
		};
		72804B442CAB031500E554A9 /* Debug */ = {
			isa = XCBuildConfiguration;
			buildSettings = {
				ASSETCATALOG_COMPILER_APPICON_NAME = AppIcon;
				ASSETCATALOG_COMPILER_GLOBAL_ACCENT_COLOR_NAME = AccentColor;
				CODE_SIGN_STYLE = Automatic;
				CURRENT_PROJECT_VERSION = 1;
				DEVELOPMENT_ASSET_PATHS = "\"iOSAdmissionsXavier/Preview Content\"";
				ENABLE_PREVIEWS = YES;
				GENERATE_INFOPLIST_FILE = YES;
				INFOPLIST_KEY_UIApplicationSceneManifest_Generation = YES;
				INFOPLIST_KEY_UIApplicationSupportsIndirectInputEvents = YES;
				INFOPLIST_KEY_UILaunchScreen_Generation = YES;
				INFOPLIST_KEY_UISupportedInterfaceOrientations_iPad = "UIInterfaceOrientationPortrait UIInterfaceOrientationPortraitUpsideDown UIInterfaceOrientationLandscapeLeft UIInterfaceOrientationLandscapeRight";
				INFOPLIST_KEY_UISupportedInterfaceOrientations_iPhone = "UIInterfaceOrientationPortrait UIInterfaceOrientationLandscapeLeft UIInterfaceOrientationLandscapeRight";
				LD_RUNPATH_SEARCH_PATHS = (
					"$(inherited)",
					"@executable_path/Frameworks",
				);
				MARKETING_VERSION = 1.0;
				PRODUCT_BUNDLE_IDENTIFIER = Xavier.iOSAdmissionsXavier;
				PRODUCT_NAME = "$(TARGET_NAME)";
				SWIFT_EMIT_LOC_STRINGS = YES;
				SWIFT_VERSION = 5.0;
				TARGETED_DEVICE_FAMILY = "1,2";
			};
			name = Debug;
		};
		72804B452CAB031500E554A9 /* Release */ = {
			isa = XCBuildConfiguration;
			buildSettings = {
				ASSETCATALOG_COMPILER_APPICON_NAME = AppIcon;
				ASSETCATALOG_COMPILER_GLOBAL_ACCENT_COLOR_NAME = AccentColor;
				CODE_SIGN_STYLE = Automatic;
				CURRENT_PROJECT_VERSION = 1;
				DEVELOPMENT_ASSET_PATHS = "\"iOSAdmissionsXavier/Preview Content\"";
				ENABLE_PREVIEWS = YES;
				GENERATE_INFOPLIST_FILE = YES;
				INFOPLIST_KEY_UIApplicationSceneManifest_Generation = YES;
				INFOPLIST_KEY_UIApplicationSupportsIndirectInputEvents = YES;
				INFOPLIST_KEY_UILaunchScreen_Generation = YES;
				INFOPLIST_KEY_UISupportedInterfaceOrientations_iPad = "UIInterfaceOrientationPortrait UIInterfaceOrientationPortraitUpsideDown UIInterfaceOrientationLandscapeLeft UIInterfaceOrientationLandscapeRight";
				INFOPLIST_KEY_UISupportedInterfaceOrientations_iPhone = "UIInterfaceOrientationPortrait UIInterfaceOrientationLandscapeLeft UIInterfaceOrientationLandscapeRight";
				LD_RUNPATH_SEARCH_PATHS = (
					"$(inherited)",
					"@executable_path/Frameworks",
				);
				MARKETING_VERSION = 1.0;
				PRODUCT_BUNDLE_IDENTIFIER = Xavier.iOSAdmissionsXavier;
				PRODUCT_NAME = "$(TARGET_NAME)";
				SWIFT_EMIT_LOC_STRINGS = YES;
				SWIFT_VERSION = 5.0;
				TARGETED_DEVICE_FAMILY = "1,2";
			};
			name = Release;
		};
		72804B472CAB031500E554A9 /* Debug */ = {
			isa = XCBuildConfiguration;
			buildSettings = {
				BUNDLE_LOADER = "$(TEST_HOST)";
				CODE_SIGN_STYLE = Automatic;
				CURRENT_PROJECT_VERSION = 1;
				GENERATE_INFOPLIST_FILE = YES;
				IPHONEOS_DEPLOYMENT_TARGET = 18.0;
				MARKETING_VERSION = 1.0;
				PRODUCT_BUNDLE_IDENTIFIER = Xavier.iOSAdmissionsXavierTests;
				PRODUCT_NAME = "$(TARGET_NAME)";
				SWIFT_EMIT_LOC_STRINGS = NO;
				SWIFT_VERSION = 5.0;
				TARGETED_DEVICE_FAMILY = "1,2";
				TEST_HOST = "$(BUILT_PRODUCTS_DIR)/iOSAdmissionsXavier.app/$(BUNDLE_EXECUTABLE_FOLDER_PATH)/iOSAdmissionsXavier";
			};
			name = Debug;
		};
		72804B482CAB031500E554A9 /* Release */ = {
			isa = XCBuildConfiguration;
			buildSettings = {
				BUNDLE_LOADER = "$(TEST_HOST)";
				CODE_SIGN_STYLE = Automatic;
				CURRENT_PROJECT_VERSION = 1;
				GENERATE_INFOPLIST_FILE = YES;
				IPHONEOS_DEPLOYMENT_TARGET = 18.0;
				MARKETING_VERSION = 1.0;
				PRODUCT_BUNDLE_IDENTIFIER = Xavier.iOSAdmissionsXavierTests;
				PRODUCT_NAME = "$(TARGET_NAME)";
				SWIFT_EMIT_LOC_STRINGS = NO;
				SWIFT_VERSION = 5.0;
				TARGETED_DEVICE_FAMILY = "1,2";
				TEST_HOST = "$(BUILT_PRODUCTS_DIR)/iOSAdmissionsXavier.app/$(BUNDLE_EXECUTABLE_FOLDER_PATH)/iOSAdmissionsXavier";
			};
			name = Release;
		};
		72804B4A2CAB031500E554A9 /* Debug */ = {
			isa = XCBuildConfiguration;
			buildSettings = {
				CODE_SIGN_STYLE = Automatic;
				CURRENT_PROJECT_VERSION = 1;
				GENERATE_INFOPLIST_FILE = YES;
				MARKETING_VERSION = 1.0;
				PRODUCT_BUNDLE_IDENTIFIER = Xavier.iOSAdmissionsXavierUITests;
				PRODUCT_NAME = "$(TARGET_NAME)";
				SWIFT_EMIT_LOC_STRINGS = NO;
				SWIFT_VERSION = 5.0;
				TARGETED_DEVICE_FAMILY = "1,2";
				TEST_TARGET_NAME = iOSAdmissionsXavier;
			};
			name = Debug;
		};
		72804B4B2CAB031500E554A9 /* Release */ = {
			isa = XCBuildConfiguration;
			buildSettings = {
				CODE_SIGN_STYLE = Automatic;
				CURRENT_PROJECT_VERSION = 1;
				GENERATE_INFOPLIST_FILE = YES;
				MARKETING_VERSION = 1.0;
				PRODUCT_BUNDLE_IDENTIFIER = Xavier.iOSAdmissionsXavierUITests;
				PRODUCT_NAME = "$(TARGET_NAME)";
				SWIFT_EMIT_LOC_STRINGS = NO;
				SWIFT_VERSION = 5.0;
				TARGETED_DEVICE_FAMILY = "1,2";
				TEST_TARGET_NAME = iOSAdmissionsXavier;
			};
			name = Release;
		};
/* End XCBuildConfiguration section */

/* Begin XCConfigurationList section */
		72804B1A2CAB031400E554A9 /* Build configuration list for PBXProject "iOSAdmissionsXavier" */ = {
			isa = XCConfigurationList;
			buildConfigurations = (
				72804B412CAB031500E554A9 /* Debug */,
				72804B422CAB031500E554A9 /* Release */,
			);
			defaultConfigurationIsVisible = 0;
			defaultConfigurationName = Release;
		};
		72804B432CAB031500E554A9 /* Build configuration list for PBXNativeTarget "iOSAdmissionsXavier" */ = {
			isa = XCConfigurationList;
			buildConfigurations = (
				72804B442CAB031500E554A9 /* Debug */,
				72804B452CAB031500E554A9 /* Release */,
			);
			defaultConfigurationIsVisible = 0;
			defaultConfigurationName = Release;
		};
		72804B462CAB031500E554A9 /* Build configuration list for PBXNativeTarget "iOSAdmissionsXavierTests" */ = {
			isa = XCConfigurationList;
			buildConfigurations = (
				72804B472CAB031500E554A9 /* Debug */,
				72804B482CAB031500E554A9 /* Release */,
			);
			defaultConfigurationIsVisible = 0;
			defaultConfigurationName = Release;
		};
		72804B492CAB031500E554A9 /* Build configuration list for PBXNativeTarget "iOSAdmissionsXavierUITests" */ = {
			isa = XCConfigurationList;
			buildConfigurations = (
				72804B4A2CAB031500E554A9 /* Debug */,
				72804B4B2CAB031500E554A9 /* Release */,
			);
			defaultConfigurationIsVisible = 0;
			defaultConfigurationName = Release;
		};
/* End XCConfigurationList section */
	};
	rootObject = 72804B172CAB031400E554A9 /* Project object */;
}
